
Microsoft Visual Studio Solution File, Format Version 12.00
# Visual Studio Version 17
VisualStudioVersion = 17.0.31903.59
MinimumVisualStudioVersion = 10.0.40219.1
Project("{9A19103F-16F7-4668-BE54-9A1E7A4F7556}") = "Demo.Api", "src\Demo.Api\Demo.Api.csproj", "{A8A6C725-D287-470A-9E0D-03E3823E9A31}"
EndProject
Project("{9A19103F-16F7-4668-BE54-9A1E7A4F7556}") = "Demo.Tests", "tests\Demo.Tests.csproj", "{6DC65991-F614-4A32-9434-06E1F5646B61}"
EndProject
Global
	GlobalSection(SolutionConfigurationPlatforms) = preSolution
		Debug|Any CPU = Debug|Any CPU
		Release|Any CPU = Release|Any CPU
	EndGlobalSection
	GlobalSection(ProjectConfigurationPlatforms) = postSolution
		{A8A6C725-D287-470A-9E0D-03E3823E9A31}.Debug|Any CPU.ActiveCfg = Debug|Any CPU
		{A8A6C725-D287-470A-9E0D-03E3823E9A31}.Debug|Any CPU.Build.0 = Debug|Any CPU
		{A8A6C725-D287-470A-9E0D-03E3823E9A31}.Release|Any CPU.ActiveCfg = Release|Any CPU
		{A8A6C725-D287-470A-9E0D-03E3823E9A31}.Release|Any CPU.Build.0 = Release|Any CPU
		{6DC65991-F614-4A32-9434-06E1F5646B61}.Debug|Any CPU.ActiveCfg = Debug|Any CPU
		{6DC65991-F614-4A32-9434-06E1F5646B61}.Debug|Any CPU.Build.0 = Debug|Any CPU
		{6DC65991-F614-4A32-9434-06E1F5646B61}.Release|Any CPU.ActiveCfg = Release|Any CPU
		{6DC65991-F614-4A32-9434-06E1F5646B61}.Release|Any CPU.Build.0 = Release|Any CPU
	EndGlobalSection
	GlobalSection(SolutionProperties) = preSolution
		HideSolutionNode = FALSE
	EndGlobalSection
EndGlobal
